
Microsoft Visual Studio Solution File, Format Version 12.00
# Visual Studio Version 17
VisualStudioVersion = 17.9.34701.34
MinimumVisualStudioVersion = 10.0.40219.1
Project("{FAE04EC0-301F-11D3-BF4B-00C04F79EFBC}") = "CW(9)", "CW(9)\CW(9).csproj", "{D15A5263-B03D-4888-87C6-2191FD7E90A0}"
EndProject
Global
	GlobalSection(SolutionConfigurationPlatforms) = preSolution
		Debug|Any CPU = Debug|Any CPU
		Release|Any CPU = Release|Any CPU
	EndGlobalSection
	GlobalSection(ProjectConfigurationPlatforms) = postSolution
		{D15A5263-B03D-4888-87C6-2191FD7E90A0}.Debug|Any CPU.ActiveCfg = Debug|Any CPU
		{D15A5263-B03D-4888-87C6-2191FD7E90A0}.Debug|Any CPU.Build.0 = Debug|Any CPU
		{D15A5263-B03D-4888-87C6-2191FD7E90A0}.Release|Any CPU.ActiveCfg = Release|Any CPU
		{D15A5263-B03D-4888-87C6-2191FD7E90A0}.Release|Any CPU.Build.0 = Release|Any CPU
	EndGlobalSection
	GlobalSection(SolutionProperties) = preSolution
		HideSolutionNode = FALSE
	EndGlobalSection
	GlobalSection(ExtensibilityGlobals) = postSolution
		SolutionGuid = {BD88A9F5-CEE8-4F2A-8003-480E6821DF1E}
	EndGlobalSection
EndGlobal
